
Microsoft Visual Studio Solution File, Format Version 12.00
# Visual Studio 2012
Project("{FAE04EC0-301F-11D3-BF4B-00C04F79EFBC}") = "GScanInvoicePlugin", "GScanInvoicePlugin\GScanInvoicePlugin.csproj", "{58EC383D-A729-4A22-B809-6C950EFFA9FF}"
EndProject
Global
	GlobalSection(SolutionConfigurationPlatforms) = preSolution
		Debug|Any CPU = Debug|Any CPU
		Release|Any CPU = Release|Any CPU
	EndGlobalSection
	GlobalSection(ProjectConfigurationPlatforms) = postSolution
		{58EC383D-A729-4A22-B809-6C950EFFA9FF}.Debug|Any CPU.ActiveCfg = Debug|Any CPU
		{58EC383D-A729-4A22-B809-6C950EFFA9FF}.Debug|Any CPU.Build.0 = Debug|Any CPU
		{58EC383D-A729-4A22-B809-6C950EFFA9FF}.Release|Any CPU.ActiveCfg = Release|Any CPU
		{58EC383D-A729-4A22-B809-6C950EFFA9FF}.Release|Any CPU.Build.0 = Release|Any CPU
	EndGlobalSection
	GlobalSection(SolutionProperties) = preSolution
		HideSolutionNode = FALSE
	EndGlobalSection
EndGlobal
